// !$*UTF8*$!
{
	archiveVersion = 1;
	classes = {
	};
	objectVersion = 50;
	objects = {

/* Begin PBXBuildFile section */
		30BC6DDE26F66D5700606950 /* memorizeApp.swift in Sources */ = {isa = PBXBuildFile; fileRef = 30BC6DDD26F66D5700606950 /* memorizeApp.swift */; };
		30BC6DE026F66D5700606950 /* GameView.swift in Sources */ = {isa = PBXBuildFile; fileRef = 30BC6DDF26F66D5700606950 /* GameView.swift */; };
		30BC6DE226F66D5B00606950 /* Assets.xcassets in Resources */ = {isa = PBXBuildFile; fileRef = 30BC6DE126F66D5B00606950 /* Assets.xcassets */; };
		30BC6DE526F66D5B00606950 /* Preview Assets.xcassets in Resources */ = {isa = PBXBuildFile; fileRef = 30BC6DE426F66D5B00606950 /* Preview Assets.xcassets */; };
		30BC6DF026F66D5B00606950 /* memorizeTests.swift in Sources */ = {isa = PBXBuildFile; fileRef = 30BC6DEF26F66D5B00606950 /* memorizeTests.swift */; };
		30BC6DFB26F66D5B00606950 /* memorizeUITests.swift in Sources */ = {isa = PBXBuildFile; fileRef = 30BC6DFA26F66D5B00606950 /* memorizeUITests.swift */; };
		30BC6E0B26F97F7D00606950 /* GameModel.swift in Sources */ = {isa = PBXBuildFile; fileRef = 30BC6E0A26F97F7D00606950 /* GameModel.swift */; };
		30BC6E0D26F99F6B00606950 /* GameViewModel.swift in Sources */ = {isa = PBXBuildFile; fileRef = 30BC6E0C26F99F6B00606950 /* GameViewModel.swift */; };
		F63DF964274C709700E38481 /* ThemeEditor.swift in Sources */ = {isa = PBXBuildFile; fileRef = F63DF963274C709700E38481 /* ThemeEditor.swift */; };
		F65FA80F274C460000CC9D9B /* AspectVGrid.swift in Sources */ = {isa = PBXBuildFile; fileRef = F65FA80E274C460000CC9D9B /* AspectVGrid.swift */; };
		F65FA813274C504A00CC9D9B /* ThemeStore.swift in Sources */ = {isa = PBXBuildFile; fileRef = F65FA812274C504A00CC9D9B /* ThemeStore.swift */; };
		F65FA817274C51AC00CC9D9B /* ThemeChooser.swift in Sources */ = {isa = PBXBuildFile; fileRef = F65FA816274C51AC00CC9D9B /* ThemeChooser.swift */; };
/* End PBXBuildFile section */

/* Begin PBXContainerItemProxy section */
		30BC6DEC26F66D5B00606950 /* PBXContainerItemProxy */ = {
			isa = PBXContainerItemProxy;
			containerPortal = 30BC6DD226F66D5700606950 /* Project object */;
			proxyType = 1;
			remoteGlobalIDString = 30BC6DD926F66D5700606950;
			remoteInfo = memorize;
		};
		30BC6DF726F66D5B00606950 /* PBXContainerItemProxy */ = {
			isa = PBXContainerItemProxy;
			containerPortal = 30BC6DD226F66D5700606950 /* Project object */;
			proxyType = 1;
			remoteGlobalIDString = 30BC6DD926F66D5700606950;
			remoteInfo = memorize;
		};
/* End PBXContainerItemProxy section */

/* Begin PBXFileReference section */
		30BC6DDA26F66D5700606950 /* memorize.app */ = {isa = PBXFileReference; explicitFileType = wrapper.application; includeInIndex = 0; path = memorize.app; sourceTree = BUILT_PRODUCTS_DIR; };
		30BC6DDD26F66D5700606950 /* memorizeApp.swift */ = {isa = PBXFileReference; lastKnownFileType = sourcecode.swift; path = memorizeApp.swift; sourceTree = "<group>"; };
		30BC6DDF26F66D5700606950 /* GameView.swift */ = {isa = PBXFileReference; lastKnownFileType = sourcecode.swift; path = GameView.swift; sourceTree = "<group>"; };
		30BC6DE126F66D5B00606950 /* Assets.xcassets */ = {isa = PBXFileReference; lastKnownFileType = folder.assetcatalog; path = Assets.xcassets; sourceTree = "<group>"; };
		30BC6DE426F66D5B00606950 /* Preview Assets.xcassets */ = {isa = PBXFileReference; lastKnownFileType = folder.assetcatalog; path = "Preview Assets.xcassets"; sourceTree = "<group>"; };
		30BC6DE626F66D5B00606950 /* Info.plist */ = {isa = PBXFileReference; lastKnownFileType = text.plist.xml; path = Info.plist; sourceTree = "<group>"; };
		30BC6DEB26F66D5B00606950 /* memorizeTests.xctest */ = {isa = PBXFileReference; explicitFileType = wrapper.cfbundle; includeInIndex = 0; path = memorizeTests.xctest; sourceTree = BUILT_PRODUCTS_DIR; };
		30BC6DEF26F66D5B00606950 /* memorizeTests.swift */ = {isa = PBXFileReference; lastKnownFileType = sourcecode.swift; path = memorizeTests.swift; sourceTree = "<group>"; };
		30BC6DF126F66D5B00606950 /* Info.plist */ = {isa = PBXFileReference; lastKnownFileType = text.plist.xml; path = Info.plist; sourceTree = "<group>"; };
		30BC6DF626F66D5B00606950 /* memorizeUITests.xctest */ = {isa = PBXFileReference; explicitFileType = wrapper.cfbundle; includeInIndex = 0; path = memorizeUITests.xctest; sourceTree = BUILT_PRODUCTS_DIR; };
		30BC6DFA26F66D5B00606950 /* memorizeUITests.swift */ = {isa = PBXFileReference; lastKnownFileType = sourcecode.swift; path = memorizeUITests.swift; sourceTree = "<group>"; };
		30BC6DFC26F66D5B00606950 /* Info.plist */ = {isa = PBXFileReference; lastKnownFileType = text.plist.xml; path = Info.plist; sourceTree = "<group>"; };
		30BC6E0A26F97F7D00606950 /* GameModel.swift */ = {isa = PBXFileReference; lastKnownFileType = sourcecode.swift; path = GameModel.swift; sourceTree = "<group>"; };
		30BC6E0C26F99F6B00606950 /* GameViewModel.swift */ = {isa = PBXFileReference; lastKnownFileType = sourcecode.swift; path = GameViewModel.swift; sourceTree = "<group>"; };
		F63DF963274C709700E38481 /* ThemeEditor.swift */ = {isa = PBXFileReference; lastKnownFileType = sourcecode.swift; path = ThemeEditor.swift; sourceTree = "<group>"; };
		F65FA80E274C460000CC9D9B /* AspectVGrid.swift */ = {isa = PBXFileReference; lastKnownFileType = sourcecode.swift; path = AspectVGrid.swift; sourceTree = "<group>"; };
		F65FA812274C504A00CC9D9B /* ThemeStore.swift */ = {isa = PBXFileReference; lastKnownFileType = sourcecode.swift; path = ThemeStore.swift; sourceTree = "<group>"; };
		F65FA816274C51AC00CC9D9B /* ThemeChooser.swift */ = {isa = PBXFileReference; lastKnownFileType = sourcecode.swift; path = ThemeChooser.swift; sourceTree = "<group>"; };
/* End PBXFileReference section */

/* Begin PBXFrameworksBuildPhase section */
		30BC6DD726F66D5700606950 /* Frameworks */ = {
			isa = PBXFrameworksBuildPhase;
			buildActionMask = 2147483647;
			files = (
			);
			runOnlyForDeploymentPostprocessing = 0;
		};
		30BC6DE826F66D5B00606950 /* Frameworks */ = {
			isa = PBXFrameworksBuildPhase;
			buildActionMask = 2147483647;
			files = (
			);
			runOnlyForDeploymentPostprocessing = 0;
		};
		30BC6DF326F66D5B00606950 /* Frameworks */ = {
			isa = PBXFrameworksBuildPhase;
			buildActionMask = 2147483647;
			files = (
			);
			runOnlyForDeploymentPostprocessing = 0;
		};
/* End PBXFrameworksBuildPhase section */

/* Begin PBXGroup section */
		30BC6DD126F66D5700606950 = {
			isa = PBXGroup;
			children = (
				30BC6DDC26F66D5700606950 /* memorize */,
				30BC6DEE26F66D5B00606950 /* memorizeTests */,
				30BC6DF926F66D5B00606950 /* memorizeUITests */,
				30BC6DDB26F66D5700606950 /* Products */,
			);
			sourceTree = "<group>";
		};
		30BC6DDB26F66D5700606950 /* Products */ = {
			isa = PBXGroup;
			children = (
				30BC6DDA26F66D5700606950 /* memorize.app */,
				30BC6DEB26F66D5B00606950 /* memorizeTests.xctest */,
				30BC6DF626F66D5B00606950 /* memorizeUITests.xctest */,
			);
			name = Products;
			sourceTree = "<group>";
		};
		30BC6DDC26F66D5700606950 /* memorize */ = {
			isa = PBXGroup;
			children = (
				30BC6DDD26F66D5700606950 /* memorizeApp.swift */,
				30BC6DDF26F66D5700606950 /* GameView.swift */,
				30BC6E0C26F99F6B00606950 /* GameViewModel.swift */,
				30BC6E0A26F97F7D00606950 /* GameModel.swift */,
				F65FA80E274C460000CC9D9B /* AspectVGrid.swift */,
				F65FA812274C504A00CC9D9B /* ThemeStore.swift */,
				F65FA816274C51AC00CC9D9B /* ThemeChooser.swift */,
				F63DF963274C709700E38481 /* ThemeEditor.swift */,
				30BC6DE126F66D5B00606950 /* Assets.xcassets */,
				30BC6DE626F66D5B00606950 /* Info.plist */,
				30BC6DE326F66D5B00606950 /* Preview Content */,
			);
			path = memorize;
			sourceTree = "<group>";
		};
		30BC6DE326F66D5B00606950 /* Preview Content */ = {
			isa = PBXGroup;
			children = (
				30BC6DE426F66D5B00606950 /* Preview Assets.xcassets */,
			);
			path = "Preview Content";
			sourceTree = "<group>";
		};
		30BC6DEE26F66D5B00606950 /* memorizeTests */ = {
			isa = PBXGroup;
			children = (
				30BC6DEF26F66D5B00606950 /* memorizeTests.swift */,
				30BC6DF126F66D5B00606950 /* Info.plist */,
			);
			path = memorizeTests;
			sourceTree = "<group>";
		};
		30BC6DF926F66D5B00606950 /* memorizeUITests */ = {
			isa = PBXGroup;
			children = (
				30BC6DFA26F66D5B00606950 /* memorizeUITests.swift */,
				30BC6DFC26F66D5B00606950 /* Info.plist */,
			);
			path = memorizeUITests;
			sourceTree = "<group>";
		};
/* End PBXGroup section */

/* Begin PBXNativeTarget section */
		30BC6DD926F66D5700606950 /* memorize */ = {
			isa = PBXNativeTarget;
			buildConfigurationList = 30BC6DFF26F66D5B00606950 /* Build configuration list for PBXNativeTarget "memorize" */;
			buildPhases = (
				30BC6DD626F66D5700606950 /* Sources */,
				30BC6DD726F66D5700606950 /* Frameworks */,
				30BC6DD826F66D5700606950 /* Resources */,
			);
			buildRules = (
			);
			dependencies = (
			);
			name = memorize;
			productName = memorize;
			productReference = 30BC6DDA26F66D5700606950 /* memorize.app */;
			productType = "com.apple.product-type.application";
		};
		30BC6DEA26F66D5B00606950 /* memorizeTests */ = {
			isa = PBXNativeTarget;
			buildConfigurationList = 30BC6E0226F66D5B00606950 /* Build configuration list for PBXNativeTarget "memorizeTests" */;
			buildPhases = (
				30BC6DE726F66D5B00606950 /* Sources */,
				30BC6DE826F66D5B00606950 /* Frameworks */,
				30BC6DE926F66D5B00606950 /* Resources */,
			);
			buildRules = (
			);
			dependencies = (
				30BC6DED26F66D5B00606950 /* PBXTargetDependency */,
			);
			name = memorizeTests;
			productName = memorizeTests;
			productReference = 30BC6DEB26F66D5B00606950 /* memorizeTests.xctest */;
			productType = "com.apple.product-type.bundle.unit-test";
		};
		30BC6DF526F66D5B00606950 /* memorizeUITests */ = {
			isa = PBXNativeTarget;
			buildConfigurationList = 30BC6E0526F66D5B00606950 /* Build configuration list for PBXNativeTarget "memorizeUITests" */;
			buildPhases = (
				30BC6DF226F66D5B00606950 /* Sources */,
				30BC6DF326F66D5B00606950 /* Frameworks */,
				30BC6DF426F66D5B00606950 /* Resources */,
			);
			buildRules = (
			);
			dependencies = (
				30BC6DF826F66D5B00606950 /* PBXTargetDependency */,
			);
			name = memorizeUITests;
			productName = memorizeUITests;
			productReference = 30BC6DF626F66D5B00606950 /* memorizeUITests.xctest */;
			productType = "com.apple.product-type.bundle.ui-testing";
		};
/* End PBXNativeTarget section */

/* Begin PBXProject section */
		30BC6DD226F66D5700606950 /* Project object */ = {
			isa = PBXProject;
			attributes = {
				LastSwiftUpdateCheck = 1250;
				LastUpgradeCheck = 1250;
				TargetAttributes = {
					30BC6DD926F66D5700606950 = {
						CreatedOnToolsVersion = 12.5.1;
					};
					30BC6DEA26F66D5B00606950 = {
						CreatedOnToolsVersion = 12.5.1;
						TestTargetID = 30BC6DD926F66D5700606950;
					};
					30BC6DF526F66D5B00606950 = {
						CreatedOnToolsVersion = 12.5.1;
						TestTargetID = 30BC6DD926F66D5700606950;
					};
				};
			};
			buildConfigurationList = 30BC6DD526F66D5700606950 /* Build configuration list for PBXProject "memorize" */;
			compatibilityVersion = "Xcode 9.3";
			developmentRegion = en;
			hasScannedForEncodings = 0;
			knownRegions = (
				en,
				Base,
			);
			mainGroup = 30BC6DD126F66D5700606950;
			productRefGroup = 30BC6DDB26F66D5700606950 /* Products */;
			projectDirPath = "";
			projectRoot = "";
			targets = (
				30BC6DD926F66D5700606950 /* memorize */,
				30BC6DEA26F66D5B00606950 /* memorizeTests */,
				30BC6DF526F66D5B00606950 /* memorizeUITests */,
			);
		};
/* End PBXProject section */

/* Begin PBXResourcesBuildPhase section */
		30BC6DD826F66D5700606950 /* Resources */ = {
			isa = PBXResourcesBuildPhase;
			buildActionMask = 2147483647;
			files = (
				30BC6DE526F66D5B00606950 /* Preview Assets.xcassets in Resources */,
				30BC6DE226F66D5B00606950 /* Assets.xcassets in Resources */,
			);
			runOnlyForDeploymentPostprocessing = 0;
		};
		30BC6DE926F66D5B00606950 /* Resources */ = {
			isa = PBXResourcesBuildPhase;
			buildActionMask = 2147483647;
			files = (
			);
			runOnlyForDeploymentPostprocessing = 0;
		};
		30BC6DF426F66D5B00606950 /* Resources */ = {
			isa = PBXResourcesBuildPhase;
			buildActionMask = 2147483647;
			files = (
			);
			runOnlyForDeploymentPostprocessing = 0;
		};
/* End PBXResourcesBuildPhase section */

/* Begin PBXSourcesBuildPhase section */
		30BC6DD626F66D5700606950 /* Sources */ = {
			isa = PBXSourcesBuildPhase;
			buildActionMask = 2147483647;
			files = (
				30BC6E0B26F97F7D00606950 /* GameModel.swift in Sources */,
				30BC6DE026F66D5700606950 /* GameView.swift in Sources */,
				30BC6E0D26F99F6B00606950 /* GameViewModel.swift in Sources */,
				F65FA817274C51AC00CC9D9B /* ThemeChooser.swift in Sources */,
				F65FA80F274C460000CC9D9B /* AspectVGrid.swift in Sources */,
				30BC6DDE26F66D5700606950 /* memorizeApp.swift in Sources */,
				F63DF964274C709700E38481 /* ThemeEditor.swift in Sources */,
				F65FA813274C504A00CC9D9B /* ThemeStore.swift in Sources */,
			);
			runOnlyForDeploymentPostprocessing = 0;
		};
		30BC6DE726F66D5B00606950 /* Sources */ = {
			isa = PBXSourcesBuildPhase;
			buildActionMask = 2147483647;
			files = (
				30BC6DF026F66D5B00606950 /* memorizeTests.swift in Sources */,
			);
			runOnlyForDeploymentPostprocessing = 0;
		};
		30BC6DF226F66D5B00606950 /* Sources */ = {
			isa = PBXSourcesBuildPhase;
			buildActionMask = 2147483647;
			files = (
				30BC6DFB26F66D5B00606950 /* memorizeUITests.swift in Sources */,
			);
			runOnlyForDeploymentPostprocessing = 0;
		};
/* End PBXSourcesBuildPhase section */

/* Begin PBXTargetDependency section */
		30BC6DED26F66D5B00606950 /* PBXTargetDependency */ = {
			isa = PBXTargetDependency;
			target = 30BC6DD926F66D5700606950 /* memorize */;
			targetProxy = 30BC6DEC26F66D5B00606950 /* PBXContainerItemProxy */;
		};
		30BC6DF826F66D5B00606950 /* PBXTargetDependency */ = {
			isa = PBXTargetDependency;
			target = 30BC6DD926F66D5700606950 /* memorize */;
			targetProxy = 30BC6DF726F66D5B00606950 /* PBXContainerItemProxy */;
		};
/* End PBXTargetDependency section */

/* Begin XCBuildConfiguration section */
		30BC6DFD26F66D5B00606950 /* Debug */ = {
			isa = XCBuildConfiguration;
			buildSettings = {
				ALWAYS_SEARCH_USER_PATHS = NO;
				CLANG_ANALYZER_NONNULL = YES;
				CLANG_ANALYZER_NUMBER_OBJECT_CONVERSION = YES_AGGRESSIVE;
				CLANG_CXX_LANGUAGE_STANDARD = "gnu++14";
				CLANG_CXX_LIBRARY = "libc++";
				CLANG_ENABLE_MODULES = YES;
				CLANG_ENABLE_OBJC_ARC = YES;
				CLANG_ENABLE_OBJC_WEAK = YES;
				CLANG_WARN_BLOCK_CAPTURE_AUTORELEASING = YES;
				CLANG_WARN_BOOL_CONVERSION = YES;
				CLANG_WARN_COMMA = YES;
				CLANG_WARN_CONSTANT_CONVERSION = YES;
				CLANG_WARN_DEPRECATED_OBJC_IMPLEMENTATIONS = YES;
				CLANG_WARN_DIRECT_OBJC_ISA_USAGE = YES_ERROR;
				CLANG_WARN_DOCUMENTATION_COMMENTS = YES;
				CLANG_WARN_EMPTY_BODY = YES;
				CLANG_WARN_ENUM_CONVERSION = YES;
				CLANG_WARN_INFINITE_RECURSION = YES;
				CLANG_WARN_INT_CONVERSION = YES;
				CLANG_WARN_NON_LITERAL_NULL_CONVERSION = YES;
				CLANG_WARN_OBJC_IMPLICIT_RETAIN_SELF = YES;
				CLANG_WARN_OBJC_LITERAL_CONVERSION = YES;
				CLANG_WARN_OBJC_ROOT_CLASS = YES_ERROR;
				CLANG_WARN_QUOTED_INCLUDE_IN_FRAMEWORK_HEADER = YES;
				CLANG_WARN_RANGE_LOOP_ANALYSIS = YES;
				CLANG_WARN_STRICT_PROTOTYPES = YES;
				CLANG_WARN_SUSPICIOUS_MOVE = YES;
				CLANG_WARN_UNGUARDED_AVAILABILITY = YES_AGGRESSIVE;
				CLANG_WARN_UNREACHABLE_CODE = YES;
				CLANG_WARN__DUPLICATE_METHOD_MATCH = YES;
				COPY_PHASE_STRIP = NO;
				DEBUG_INFORMATION_FORMAT = dwarf;
				ENABLE_STRICT_OBJC_MSGSEND = YES;
				ENABLE_TESTABILITY = YES;
				GCC_C_LANGUAGE_STANDARD = gnu11;
				GCC_DYNAMIC_NO_PIC = NO;
				GCC_NO_COMMON_BLOCKS = YES;
				GCC_OPTIMIZATION_LEVEL = 0;
				GCC_PREPROCESSOR_DEFINITIONS = (
					"DEBUG=1",
					"$(inherited)",
				);
				GCC_WARN_64_TO_32_BIT_CONVERSION = YES;
				GCC_WARN_ABOUT_RETURN_TYPE = YES_ERROR;
				GCC_WARN_UNDECLARED_SELECTOR = YES;
				GCC_WARN_UNINITIALIZED_AUTOS = YES_AGGRESSIVE;
				GCC_WARN_UNUSED_FUNCTION = YES;
				GCC_WARN_UNUSED_VARIABLE = YES;
				IPHONEOS_DEPLOYMENT_TARGET = 14.5;
				MTL_ENABLE_DEBUG_INFO = INCLUDE_SOURCE;
				MTL_FAST_MATH = YES;
				ONLY_ACTIVE_ARCH = YES;
				SDKROOT = iphoneos;
				SWIFT_ACTIVE_COMPILATION_CONDITIONS = DEBUG;
				SWIFT_OPTIMIZATION_LEVEL = "-Onone";
			};
			name = Debug;
		};
		30BC6DFE26F66D5B00606950 /* Release */ = {
			isa = XCBuildConfiguration;
			buildSettings = {
				ALWAYS_SEARCH_USER_PATHS = NO;
				CLANG_ANALYZER_NONNULL = YES;
				CLANG_ANALYZER_NUMBER_OBJECT_CONVERSION = YES_AGGRESSIVE;
				CLANG_CXX_LANGUAGE_STANDARD = "gnu++14";
				CLANG_CXX_LIBRARY = "libc++";
				CLANG_ENABLE_MODULES = YES;
				CLANG_ENABLE_OBJC_ARC = YES;
				CLANG_ENABLE_OBJC_WEAK = YES;
				CLANG_WARN_BLOCK_CAPTURE_AUTORELEASING = YES;
				CLANG_WARN_BOOL_CONVERSION = YES;
				CLANG_WARN_COMMA = YES;
				CLANG_WARN_CONSTANT_CONVERSION = YES;
				CLANG_WARN_DEPRECATED_OBJC_IMPLEMENTATIONS = YES;
				CLANG_WARN_DIRECT_OBJC_ISA_USAGE = YES_ERROR;
				CLANG_WARN_DOCUMENTATION_COMMENTS = YES;
				CLANG_WARN_EMPTY_BODY = YES;
				CLANG_WARN_ENUM_CONVERSION = YES;
				CLANG_WARN_INFINITE_RECURSION = YES;
				CLANG_WARN_INT_CONVERSION = YES;
				CLANG_WARN_NON_LITERAL_NULL_CONVERSION = YES;
				CLANG_WARN_OBJC_IMPLICIT_RETAIN_SELF = YES;
				CLANG_WARN_OBJC_LITERAL_CONVERSION = YES;
				CLANG_WARN_OBJC_ROOT_CLASS = YES_ERROR;
				CLANG_WARN_QUOTED_INCLUDE_IN_FRAMEWORK_HEADER = YES;
				CLANG_WARN_RANGE_LOOP_ANALYSIS = YES;
				CLANG_WARN_STRICT_PROTOTYPES = YES;
				CLANG_WARN_SUSPICIOUS_MOVE = YES;
				CLANG_WARN_UNGUARDED_AVAILABILITY = YES_AGGRESSIVE;
				CLANG_WARN_UNREACHABLE_CODE = YES;
				CLANG_WARN__DUPLICATE_METHOD_MATCH = YES;
				COPY_PHASE_STRIP = NO;
				DEBUG_INFORMATION_FORMAT = "dwarf-with-dsym";
				ENABLE_NS_ASSERTIONS = NO;
				ENABLE_STRICT_OBJC_MSGSEND = YES;
				GCC_C_LANGUAGE_STANDARD = gnu11;
				GCC_NO_COMMON_BLOCKS = YES;
				GCC_WARN_64_TO_32_BIT_CONVERSION = YES;
				GCC_WARN_ABOUT_RETURN_TYPE = YES_ERROR;
				GCC_WARN_UNDECLARED_SELECTOR = YES;
				GCC_WARN_UNINITIALIZED_AUTOS = YES_AGGRESSIVE;
				GCC_WARN_UNUSED_FUNCTION = YES;
				GCC_WARN_UNUSED_VARIABLE = YES;
				IPHONEOS_DEPLOYMENT_TARGET = 14.5;
				MTL_ENABLE_DEBUG_INFO = NO;
				MTL_FAST_MATH = YES;
				SDKROOT = iphoneos;
				SWIFT_COMPILATION_MODE = wholemodule;
				SWIFT_OPTIMIZATION_LEVEL = "-O";
				VALIDATE_PRODUCT = YES;
			};
			name = Release;
		};
		30BC6E0026F66D5B00606950 /* Debug */ = {
			isa = XCBuildConfiguration;
			buildSettings = {
				ASSETCATALOG_COMPILER_APPICON_NAME = AppIcon;
				ASSETCATALOG_COMPILER_GLOBAL_ACCENT_COLOR_NAME = AccentColor;
				CODE_SIGN_STYLE = Automatic;
				DEVELOPMENT_ASSET_PATHS = "\"memorize/Preview Content\"";
				ENABLE_PREVIEWS = YES;
				INFOPLIST_FILE = memorize/Info.plist;
				IPHONEOS_DEPLOYMENT_TARGET = 14.0;
				LD_RUNPATH_SEARCH_PATHS = (
					"$(inherited)",
					"@executable_path/Frameworks",
				);
				PRODUCT_BUNDLE_IDENTIFIER = abc.memorize;
				PRODUCT_NAME = "$(TARGET_NAME)";
				SWIFT_VERSION = 5.0;
				TARGETED_DEVICE_FAMILY = "1,2";
			};
			name = Debug;
		};
		30BC6E0126F66D5B00606950 /* Release */ = {
			isa = XCBuildConfiguration;
			buildSettings = {
				ASSETCATALOG_COMPILER_APPICON_NAME = AppIcon;
				ASSETCATALOG_COMPILER_GLOBAL_ACCENT_COLOR_NAME = AccentColor;
				CODE_SIGN_STYLE = Automatic;
				DEVELOPMENT_ASSET_PATHS = "\"memorize/Preview Content\"";
				ENABLE_PREVIEWS = YES;
				INFOPLIST_FILE = memorize/Info.plist;
				IPHONEOS_DEPLOYMENT_TARGET = 14.0;
				LD_RUNPATH_SEARCH_PATHS = (
					"$(inherited)",
					"@executable_path/Frameworks",
				);
				PRODUCT_BUNDLE_IDENTIFIER = abc.memorize;
				PRODUCT_NAME = "$(TARGET_NAME)";
				SWIFT_VERSION = 5.0;
				TARGETED_DEVICE_FAMILY = "1,2";
			};
			name = Release;
		};
		30BC6E0326F66D5B00606950 /* Debug */ = {
			isa = XCBuildConfiguration;
			buildSettings = {
				ALWAYS_EMBED_SWIFT_STANDARD_LIBRARIES = YES;
				BUNDLE_LOADER = "$(TEST_HOST)";
				CODE_SIGN_STYLE = Automatic;
				INFOPLIST_FILE = memorizeTests/Info.plist;
				IPHONEOS_DEPLOYMENT_TARGET = 14.0;
				LD_RUNPATH_SEARCH_PATHS = (
					"$(inherited)",
					"@executable_path/Frameworks",
					"@loader_path/Frameworks",
				);
				PRODUCT_BUNDLE_IDENTIFIER = abc.memorizeTests;
				PRODUCT_NAME = "$(TARGET_NAME)";
				SWIFT_VERSION = 5.0;
				TARGETED_DEVICE_FAMILY = "1,2";
				TEST_HOST = "$(BUILT_PRODUCTS_DIR)/memorize.app/memorize";
			};
			name = Debug;
		};
		30BC6E0426F66D5B00606950 /* Release */ = {
			isa = XCBuildConfiguration;
			buildSettings = {
				ALWAYS_EMBED_SWIFT_STANDARD_LIBRARIES = YES;
				BUNDLE_LOADER = "$(TEST_HOST)";
				CODE_SIGN_STYLE = Automatic;
				INFOPLIST_FILE = memorizeTests/Info.plist;
				IPHONEOS_DEPLOYMENT_TARGET = 14.0;
				LD_RUNPATH_SEARCH_PATHS = (
					"$(inherited)",
					"@executable_path/Frameworks",
					"@loader_path/Frameworks",
				);
				PRODUCT_BUNDLE_IDENTIFIER = abc.memorizeTests;
				PRODUCT_NAME = "$(TARGET_NAME)";
				SWIFT_VERSION = 5.0;
				TARGETED_DEVICE_FAMILY = "1,2";
				TEST_HOST = "$(BUILT_PRODUCTS_DIR)/memorize.app/memorize";
			};
			name = Release;
		};
		30BC6E0626F66D5B00606950 /* Debug */ = {
			isa = XCBuildConfiguration;
			buildSettings = {
				ALWAYS_EMBED_SWIFT_STANDARD_LIBRARIES = YES;
				CODE_SIGN_STYLE = Automatic;
				INFOPLIST_FILE = memorizeUITests/Info.plist;
				LD_RUNPATH_SEARCH_PATHS = (
					"$(inherited)",
					"@executable_path/Frameworks",
					"@loader_path/Frameworks",
				);
				PRODUCT_BUNDLE_IDENTIFIER = abc.memorizeUITests;
				PRODUCT_NAME = "$(TARGET_NAME)";
				SWIFT_VERSION = 5.0;
				TARGETED_DEVICE_FAMILY = "1,2";
				TEST_TARGET_NAME = memorize;
			};
			name = Debug;
		};
		30BC6E0726F66D5B00606950 /* Release */ = {
			isa = XCBuildConfiguration;
			buildSettings = {
				ALWAYS_EMBED_SWIFT_STANDARD_LIBRARIES = YES;
				CODE_SIGN_STYLE = Automatic;
				INFOPLIST_FILE = memorizeUITests/Info.plist;
				LD_RUNPATH_SEARCH_PATHS = (
					"$(inherited)",
					"@executable_path/Frameworks",
					"@loader_path/Frameworks",
				);
				PRODUCT_BUNDLE_IDENTIFIER = abc.memorizeUITests;
				PRODUCT_NAME = "$(TARGET_NAME)";
				SWIFT_VERSION = 5.0;
				TARGETED_DEVICE_FAMILY = "1,2";
				TEST_TARGET_NAME = memorize;
			};
			name = Release;
		};
/* End XCBuildConfiguration section */

/* Begin XCConfigurationList section */
		30BC6DD526F66D5700606950 /* Build configuration list for PBXProject "memorize" */ = {
			isa = XCConfigurationList;
			buildConfigurations = (
				30BC6DFD26F66D5B00606950 /* Debug */,
				30BC6DFE26F66D5B00606950 /* Release */,
			);
			defaultConfigurationIsVisible = 0;
			defaultConfigurationName = Release;
		};
		30BC6DFF26F66D5B00606950 /* Build configuration list for PBXNativeTarget "memorize" */ = {
			isa = XCConfigurationList;
			buildConfigurations = (
				30BC6E0026F66D5B00606950 /* Debug */,
				30BC6E0126F66D5B00606950 /* Release */,
			);
			defaultConfigurationIsVisible = 0;
			defaultConfigurationName = Release;
		};
		30BC6E0226F66D5B00606950 /* Build configuration list for PBXNativeTarget "memorizeTests" */ = {
			isa = XCConfigurationList;
			buildConfigurations = (
				30BC6E0326F66D5B00606950 /* Debug */,
				30BC6E0426F66D5B00606950 /* Release */,
			);
			defaultConfigurationIsVisible = 0;
			defaultConfigurationName = Release;
		};
		30BC6E0526F66D5B00606950 /* Build configuration list for PBXNativeTarget "memorizeUITests" */ = {
			isa = XCConfigurationList;
			buildConfigurations = (
				30BC6E0626F66D5B00606950 /* Debug */,
				30BC6E0726F66D5B00606950 /* Release */,
			);
			defaultConfigurationIsVisible = 0;
			defaultConfigurationName = Release;
		};
/* End XCConfigurationList section */
	};
	rootObject = 30BC6DD226F66D5700606950 /* Project object */;
}
